
Microsoft Visual Studio Solution File, Format Version 12.00
# Visual Studio Version 16
VisualStudioVersion = 16.0.32901.82
MinimumVisualStudioVersion = 10.0.40219.1
Project("{FAE04EC0-301F-11D3-BF4B-00C04F79EFBC}") = "AutoPilot", "AutoPilot\AutoPilot.csproj", "{BEA5B0CB-A231-4F09-910D-4989021F3390}"
EndProject
Global
	GlobalSection(SolutionConfigurationPlatforms) = preSolution
		Debug|x64 = Debug|x64
	EndGlobalSection
	GlobalSection(ProjectConfigurationPlatforms) = postSolution
		{BEA5B0CB-A231-4F09-910D-4989021F3390}.Debug|x64.ActiveCfg = Debug|x64
		{BEA5B0CB-A231-4F09-910D-4989021F3390}.Debug|x64.Build.0 = Debug|x64
	EndGlobalSection
	GlobalSection(SolutionProperties) = preSolution
		HideSolutionNode = FALSE
	EndGlobalSection
	GlobalSection(ExtensibilityGlobals) = postSolution
		SolutionGuid = {B360D808-31C7-4480-A099-A1E97F4ED196}
	EndGlobalSection
EndGlobal
